<?xml version="1.0" encoding="utf-8"?>
<Project ToolsVersion="4.0" xmlns="http://schemas.microsoft.com/developer/msbuild/2003">
  <ItemGroup>
    <Filter Include="Headers">
      <UniqueIdentifier>{26c9fa3d-0515-4f24-9862-28dd49073198}</UniqueIdentifier>
    </Filter>
    <Filter Include="Headers\Detail">
      <UniqueIdentifier>{93995380-89BD-4b04-88EB-625FBE52EBFB}</UniqueIdentifier>
      <Extensions>h;hh;hpp;hxx;hm;inl;inc;ipp;xsd</Extensions>
    </Filter>
  </ItemGroup>
  <ItemGroup>
    <ClInclude Include="include\algorithm_assembler\Interfaces.hpp">
      <Filter>Headers</Filter>
    </ClInclude>
    <ClInclude Include="include\algorithm_assembler\data_processor.hpp">
      <Filter>Headers</Filter>
    </ClInclude>
    <ClInclude Include="include\algorithm_assembler\detail\heterogeneous_container_functions.hpp">
      <Filter>Headers\Detail</Filter>
    </ClInclude>
    <ClInclude Include="include\algorithm_assembler\detail\typelist_functions.hpp">
      <Filter>Headers\Detail</Filter>
    </ClInclude>
    <ClInclude Include="include\algorithm_assembler\detail\typelist.hpp">
      <Filter>Headers\Detail</Filter>
    </ClInclude>
    <ClInclude Include="include\algorithm_assembler\enums.hpp">
      <Filter>Headers</Filter>
    </ClInclude>
    <ClInclude Include="include\algorithm_assembler\detail\interfaces_detail.hpp">
      <Filter>Headers\Detail</Filter>
    </ClInclude>
  </ItemGroup>
</Project>