<?xml version="1.0" encoding="utf-8"?>
<Project ToolsVersion="4.0" xmlns="http://schemas.microsoft.com/developer/msbuild/2003">
  <ItemGroup>
    <ClCompile Include="pch.cpp" />
    <ClCompile Include="typelist.cpp">
      <Filter>Tests</Filter>
    </ClCompile>
    <ClCompile Include="interfaces.cpp">
      <Filter>Tests</Filter>
    </ClCompile>
    <ClCompile Include="data_processor.cpp">
      <Filter>Tests</Filter>
    </ClCompile>
    <ClCompile Include="data_processor_funcs.cpp">
      <Filter>Tests</Filter>
    </ClCompile>
    <ClCompile Include="container_functions.cpp">
      <Filter>Tests</Filter>
    </ClCompile>
  </ItemGroup>
  <ItemGroup>
    <ClInclude Include="pch.h" />
    <ClInclude Include="test_objects.hpp">
      <Filter>Headers</Filter>
    </ClInclude>
  </ItemGroup>
  <ItemGroup>
    <Filter Include="Tests">
      <UniqueIdentifier>{712b5faa-a959-4e28-acc8-56f51263157c}</UniqueIdentifier>
    </Filter>
    <Filter Include="Headers">
      <UniqueIdentifier>{d4a31486-d998-42c0-9248-e7cab63e4b85}</UniqueIdentifier>
    </Filter>
  </ItemGroup>
  <ItemGroup>
    <None Include="packages.config" />
  </ItemGroup>
</Project>